
Microsoft Visual Studio Solution File, Format Version 12.00
# Visual Studio Version 17
VisualStudioVersion = 17.0.31903.59
MinimumVisualStudioVersion = 10.0.40219.1
Project("{FAE04EC0-301F-11D3-BF4B-00C04F79EFBC}") = "Irrelephant.Outcast.Networking.Protocol.Abstractions", "src\Irrelephant.Outcast.Networking.Protocol.Abstractions\Irrelephant.Outcast.Networking.Protocol.Abstractions.csproj", "{DAC3B043-4572-4521-9F70-53ECD5422EBD}"
EndProject
Project("{FAE04EC0-301F-11D3-BF4B-00C04F79EFBC}") = "Irrelephant.Outcast.Networking.Transport", "src\Irrelephant.Outcast.Networking.Transport\Irrelephant.Outcast.Networking.Transport.csproj", "{DDC6CA5D-E8A0-481E-AEDB-59FFDBE05420}"
EndProject
Project("{2150E333-8FDC-42A3-9474-1A3956D46DE8}") = "src", "src", "{573F892B-7A7D-4C7C-B1BC-0D9D0C742574}"
EndProject
Project("{2150E333-8FDC-42A3-9474-1A3956D46DE8}") = "test", "test", "{46462B0C-3202-4014-824E-74CA9DEFF5D0}"
EndProject
Project("{FAE04EC0-301F-11D3-BF4B-00C04F79EFBC}") = "Irrelephant.Outcast.Networking.Tests", "test\Irrelephant.Outcast.Networking.Tests\Irrelephant.Outcast.Networking.Tests.csproj", "{635ECA9F-3952-42C8-BA0A-34C219970984}"
EndProject
Project("{2150E333-8FDC-42A3-9474-1A3956D46DE8}") = "Solution Items", "Solution Items", "{52621D2F-B56C-402F-808E-33D7DBB5A364}"
	ProjectSection(SolutionItems) = preProject
		Directory.Packages.props = Directory.Packages.props
	EndProjectSection
EndProject
Project("{FAE04EC0-301F-11D3-BF4B-00C04F79EFBC}") = "Irrelephant.Outcast.Networking.Protocol", "src\Irrelephant.Outcast.Networking.Protocol\Irrelephant.Outcast.Networking.Protocol.csproj", "{FD88AC4E-3D56-438A-AE5D-B626328C17BC}"
EndProject
Project("{FAE04EC0-301F-11D3-BF4B-00C04F79EFBC}") = "Irrelephant.Outcast.Networking.Transport.Abstractions", "src\Irrelephant.Outcast.Networking.Transport.Abstractions\Irrelephant.Outcast.Networking.Transport.Abstractions.csproj", "{CA3059D9-9649-4002-A13F-FA8CE399421B}"
EndProject
Global
	GlobalSection(SolutionConfigurationPlatforms) = preSolution
		Debug|Any CPU = Debug|Any CPU
		Release|Any CPU = Release|Any CPU
	EndGlobalSection
	GlobalSection(SolutionProperties) = preSolution
		HideSolutionNode = FALSE
	EndGlobalSection
	GlobalSection(ProjectConfigurationPlatforms) = postSolution
		{DAC3B043-4572-4521-9F70-53ECD5422EBD}.Debug|Any CPU.ActiveCfg = Debug|Any CPU
		{DAC3B043-4572-4521-9F70-53ECD5422EBD}.Debug|Any CPU.Build.0 = Debug|Any CPU
		{DAC3B043-4572-4521-9F70-53ECD5422EBD}.Release|Any CPU.ActiveCfg = Release|Any CPU
		{DAC3B043-4572-4521-9F70-53ECD5422EBD}.Release|Any CPU.Build.0 = Release|Any CPU
		{DDC6CA5D-E8A0-481E-AEDB-59FFDBE05420}.Debug|Any CPU.ActiveCfg = Debug|Any CPU
		{DDC6CA5D-E8A0-481E-AEDB-59FFDBE05420}.Debug|Any CPU.Build.0 = Debug|Any CPU
		{DDC6CA5D-E8A0-481E-AEDB-59FFDBE05420}.Release|Any CPU.ActiveCfg = Release|Any CPU
		{DDC6CA5D-E8A0-481E-AEDB-59FFDBE05420}.Release|Any CPU.Build.0 = Release|Any CPU
		{635ECA9F-3952-42C8-BA0A-34C219970984}.Debug|Any CPU.ActiveCfg = Debug|Any CPU
		{635ECA9F-3952-42C8-BA0A-34C219970984}.Debug|Any CPU.Build.0 = Debug|Any CPU
		{635ECA9F-3952-42C8-BA0A-34C219970984}.Release|Any CPU.ActiveCfg = Release|Any CPU
		{635ECA9F-3952-42C8-BA0A-34C219970984}.Release|Any CPU.Build.0 = Release|Any CPU
		{FD88AC4E-3D56-438A-AE5D-B626328C17BC}.Debug|Any CPU.ActiveCfg = Debug|Any CPU
		{FD88AC4E-3D56-438A-AE5D-B626328C17BC}.Debug|Any CPU.Build.0 = Debug|Any CPU
		{FD88AC4E-3D56-438A-AE5D-B626328C17BC}.Release|Any CPU.ActiveCfg = Release|Any CPU
		{FD88AC4E-3D56-438A-AE5D-B626328C17BC}.Release|Any CPU.Build.0 = Release|Any CPU
		{CA3059D9-9649-4002-A13F-FA8CE399421B}.Debug|Any CPU.ActiveCfg = Debug|Any CPU
		{CA3059D9-9649-4002-A13F-FA8CE399421B}.Debug|Any CPU.Build.0 = Debug|Any CPU
		{CA3059D9-9649-4002-A13F-FA8CE399421B}.Release|Any CPU.ActiveCfg = Release|Any CPU
		{CA3059D9-9649-4002-A13F-FA8CE399421B}.Release|Any CPU.Build.0 = Release|Any CPU
	EndGlobalSection
	GlobalSection(NestedProjects) = preSolution
		{DAC3B043-4572-4521-9F70-53ECD5422EBD} = {573F892B-7A7D-4C7C-B1BC-0D9D0C742574}
		{DDC6CA5D-E8A0-481E-AEDB-59FFDBE05420} = {573F892B-7A7D-4C7C-B1BC-0D9D0C742574}
		{635ECA9F-3952-42C8-BA0A-34C219970984} = {46462B0C-3202-4014-824E-74CA9DEFF5D0}
		{FD88AC4E-3D56-438A-AE5D-B626328C17BC} = {573F892B-7A7D-4C7C-B1BC-0D9D0C742574}
		{CA3059D9-9649-4002-A13F-FA8CE399421B} = {573F892B-7A7D-4C7C-B1BC-0D9D0C742574}
	EndGlobalSection
EndGlobal
